
Microsoft Visual Studio Solution File, Format Version 12.00
# Visual Studio 15
VisualStudioVersion = 15.0.28307.489
MinimumVisualStudioVersion = 10.0.40219.1
Project("{FAE04EC0-301F-11D3-BF4B-00C04F79EFBC}") = "BlogProject.UI", "BlogProject.UI\BlogProject.UI.csproj", "{2B2C4F50-A268-45EC-8B4B-5A5E471F647A}"
EndProject
Global
	GlobalSection(SolutionConfigurationPlatforms) = preSolution
		Debug|Any CPU = Debug|Any CPU
		Release|Any CPU = Release|Any CPU
	EndGlobalSection
	GlobalSection(ProjectConfigurationPlatforms) = postSolution
		{2B2C4F50-A268-45EC-8B4B-5A5E471F647A}.Debug|Any CPU.ActiveCfg = Debug|Any CPU
		{2B2C4F50-A268-45EC-8B4B-5A5E471F647A}.Debug|Any CPU.Build.0 = Debug|Any CPU
		{2B2C4F50-A268-45EC-8B4B-5A5E471F647A}.Release|Any CPU.ActiveCfg = Release|Any CPU
		{2B2C4F50-A268-45EC-8B4B-5A5E471F647A}.Release|Any CPU.Build.0 = Release|Any CPU
	EndGlobalSection
	GlobalSection(SolutionProperties) = preSolution
		HideSolutionNode = FALSE
	EndGlobalSection
	GlobalSection(ExtensibilityGlobals) = postSolution
		SolutionGuid = {4CA7165D-7D28-48AD-9690-0F3C7915787C}
	EndGlobalSection
EndGlobal
